{
  "name": "rn-iso-monorepo",
  "lockfileVersion": 3,
  "requires": true,
  "packages": {
    "": {
      "name": "rn-iso-monorepo",
      "workspaces": [
        "packages/*"
      ]
    },
    "node_modules/@rn-iso/expo-build-cache": {
      "resolved": "packages/expo-build-cache",
      "link": true
    },
    "node_modules/@rn-iso/metro": {
      "resolved": "packages/metro",
      "link": true
    },
    "node_modules/agent-base": {
      "version": "7.1.4",
      "resolved": "https://registry.npmjs.org/agent-base/-/agent-base-7.1.4.tgz",
      "integrity": "sha512-MnA+YT8fwfJPgBx3m60MNqakm30XOkyIoH1y6huTQvC0PwZG7ki8NacLBcrPbNoo8vEZy7Jpuk7+jMO+CUovTQ==",
      "license": "MIT",
      "peer": true,
      "engines": {
        "node": ">= 14"
      }
    },
    "node_modules/chalk": {
      "version": "5.6.2",
      "resolved": "https://registry.npmjs.org/chalk/-/chalk-5.6.2.tgz",
      "integrity": "sha512-7NzBL0rN6fMUW+f7A6Io4h40qQlG+xGmtMxfbnH/K7TAtt8JQWVQK+6g0UXKMeVJoyV5EkkNsErQ8pVD3bLHbA==",
      "license": "MIT",
      "engines": {
        "node": "^12.17.0 || ^14.13 || >=16.0.0"
      },
      "funding": {
        "url": "https://github.com/chalk/chalk?sponsor=1"
      }
    },
    "node_modules/commander": {
      "version": "13.1.0",
      "resolved": "https://registry.npmjs.org/commander/-/commander-13.1.0.tgz",
      "integrity": "sha512-/rFeCpNJQbhSZjGVwO9RFV3xPqbnERS8MmIQzCtD/zl6gpJuV/bMLuN92oG3F7d8oDEHHRrujSXNUr8fpjntKw==",
      "license": "MIT",
      "engines": {
        "node": ">=18"
      }
    },
    "node_modules/debug": {
      "version": "4.4.3",
      "resolved": "https://registry.npmjs.org/debug/-/debug-4.4.3.tgz",
      "integrity": "sha512-RGwwWnwQvkVfavKVt22FGLw+xYSdzARwm0ru6DhTVA3umU5hZc28V3kO4stgYryrTlLpuvgI9GiijltAjNbcqA==",
      "license": "MIT",
      "peer": true,
      "dependencies": {
        "ms": "^2.1.3"
      },
      "engines": {
        "node": ">=6.0"
      },
      "peerDependenciesMeta": {
        "supports-color": {
          "optional": true
        }
      }
    },
    "node_modules/exponential-backoff": {
      "version": "3.1.3",
      "resolved": "https://registry.npmjs.org/exponential-backoff/-/exponential-backoff-3.1.3.tgz",
      "integrity": "sha512-ZgEeZXj30q+I0EN+CbSSpIyPaJ5HVQD18Z1m+u1FXbAeT94mr1zw50q4q6jiiC447Nl/YTcIYSAftiGqetwXCA==",
      "license": "Apache-2.0",
      "peer": true
    },
    "node_modules/flow-enums-runtime": {
      "version": "0.0.6",
      "resolved": "https://registry.npmjs.org/flow-enums-runtime/-/flow-enums-runtime-0.0.6.tgz",
      "integrity": "sha512-3PYnM29RFXwvAN6Pc/scUfkI7RwhQ/xqyLUyPNlXUp9S40zI8nup9tUSrTLSVnWGBN38FNiGWbwZOB6uR4OGdw==",
      "license": "MIT",
      "peer": true
    },
    "node_modules/https-proxy-agent": {
      "version": "7.0.6",
      "resolved": "https://registry.npmjs.org/https-proxy-agent/-/https-proxy-agent-7.0.6.tgz",
      "integrity": "sha512-vK9P5/iUfdl95AI+JVyUuIcVtd4ofvtrOr3HNtM2yxC9bnMbEdp3x01OhQNnjb8IJYi38VlTE3mBXwcfvywuSw==",
      "license": "MIT",
      "peer": true,
      "dependencies": {
        "agent-base": "^7.1.2",
        "debug": "4"
      },
      "engines": {
        "node": ">= 14"
      }
    },
    "node_modules/kleur": {
      "version": "3.0.3",
      "resolved": "https://registry.npmjs.org/kleur/-/kleur-3.0.3.tgz",
      "integrity": "sha512-eTIzlVOSUR+JxdDFepEYcBMtZ9Qqdef+rnzWdRZuMbOywu5tO2w2N7rqjoANZ5k9vywhL6Br1VRjUIgTQx4E8w==",
      "license": "MIT",
      "engines": {
        "node": ">=6"
      }
    },
    "node_modules/lodash.throttle": {
      "version": "4.1.1",
      "resolved": "https://registry.npmjs.org/lodash.throttle/-/lodash.throttle-4.1.1.tgz",
      "integrity": "sha512-wIkUCfVKpVsWo3JSZlc+8MB5it+2AN5W8J7YVMST30UrvcQNZ1Okbj+rbVniijTWE6FGYy4XJq/rHkas8qJMLQ==",
      "license": "MIT",
      "peer": true
    },
    "node_modules/metro-cache": {
      "version": "0.87.0",
      "resolved": "https://registry.npmjs.org/metro-cache/-/metro-cache-0.87.0.tgz",
      "integrity": "sha512-146vS1BMSKcp99jddOhFBfHwzUEWN35NrsnSJDF2sQQ0ZT5OsBcOjd574PM233TWEZISRJ5DOK+vokD+1ubx+w==",
      "license": "MIT",
      "peer": true,
      "dependencies": {
        "exponential-backoff": "^3.1.1",
        "flow-enums-runtime": "^0.0.6",
        "https-proxy-agent": "^7.0.5",
        "metro-core": "0.87.0"
      },
      "engines": {
        "node": "^22.13.0 || ^24.3.0 || >= 26.0.0"
      }
    },
    "node_modules/metro-core": {
      "version": "0.87.0",
      "resolved": "https://registry.npmjs.org/metro-core/-/metro-core-0.87.0.tgz",
      "integrity": "sha512-yW57+pCOHRC/CJZ99GA2PTd+30dORwDAjUPRCokj91IWW5In9Jwtt2FB5wACrGO8P0GHTyVHdTwDNyZsNndUbA==",
      "license": "MIT",
      "peer": true,
      "dependencies": {
        "flow-enums-runtime": "^0.0.6",
        "lodash.throttle": "^4.1.1",
        "metro-resolver": "0.87.0"
      },
      "engines": {
        "node": "^22.13.0 || ^24.3.0 || >= 26.0.0"
      }
    },
    "node_modules/metro-resolver": {
      "version": "0.87.0",
      "resolved": "https://registry.npmjs.org/metro-resolver/-/metro-resolver-0.87.0.tgz",
      "integrity": "sha512-Xl3M9R3KToaHJvXlI2lSOxtYHitzxite+195DSi00HL9PcS7Xik5+3xlRjfkKb3FA86SZxYPj+WJwlcfgaZoxg==",
      "license": "MIT",
      "peer": true,
      "dependencies": {
        "flow-enums-runtime": "^0.0.6"
      },
      "engines": {
        "node": "^22.13.0 || ^24.3.0 || >= 26.0.0"
      }
    },
    "node_modules/ms": {
      "version": "2.1.3",
      "resolved": "https://registry.npmjs.org/ms/-/ms-2.1.3.tgz",
      "integrity": "sha512-6FlzubTLZG3J2a/NVCAleEhjzq5oxgHyaCU9yYXvcLsvoVaHJq/s5xXI6/XXP6tz7R9xAOtHnSO/tXtF3WRTlA==",
      "license": "MIT",
      "peer": true
    },
    "node_modules/prompts": {
      "version": "2.4.2",
      "resolved": "https://registry.npmjs.org/prompts/-/prompts-2.4.2.tgz",
      "integrity": "sha512-NxNv/kLguCA7p3jE8oL2aEBsrJWgAakBpgmgK6lpPWV+WuOmY6r2/zbAVnP+T8bQlA0nzHXSJSJW0Hq7ylaD2Q==",
      "license": "MIT",
      "dependencies": {
        "kleur": "^3.0.3",
        "sisteransi": "^1.0.5"
      },
      "engines": {
        "node": ">= 6"
      }
    },
    "node_modules/rn-iso": {
      "resolved": "packages/rn-iso",
      "link": true
    },
    "node_modules/sisteransi": {
      "version": "1.0.5",
      "resolved": "https://registry.npmjs.org/sisteransi/-/sisteransi-1.0.5.tgz",
      "integrity": "sha512-bLGGlR1QxBcynn2d5YmDX4MGjlZvy2MRBDRNHLJ8VI6l6+9FUiyTFNJ0IveOSP0bcXgVDPRcfGqA0pjaqUpfVg==",
      "license": "MIT"
    },
    "packages/expo-build-cache": {
      "name": "@rn-iso/expo-build-cache",
      "version": "0.14.1",
      "license": "MIT"
    },
    "packages/metro": {
      "name": "@rn-iso/metro",
      "version": "0.14.1",
      "license": "MIT",
      "peerDependencies": {
        "metro-cache": "*"
      }
    },
    "packages/rn-iso": {
      "version": "0.14.0",
      "license": "MIT",
      "dependencies": {
        "@rn-iso/metro": "^0.14.1",
        "chalk": "^5.4.1",
        "commander": "^13.1.0",
        "prompts": "^2.4.2"
      },
      "bin": {
        "rn-iso": "bin/cli.js"
      },
      "engines": {
        "node": ">=20"
      }
    }
  }
}
